<?xml version="1.0" encoding="utf-8"?>
<Project ToolsVersion="4.0" xmlns="http://schemas.microsoft.com/developer/msbuild/2003">
  <ItemGroup>
    <ClCompile Include="..\cursor.cpp" />
    <ClCompile Include="..\oButton.cpp" />
    <ClCompile Include="..\tp3.cpp" />
    <ClCompile Include="painter.cpp" />
    <ClCompile Include="buttonStrip.cpp" />
    <ClCompile Include="mainMenu.cpp" />
    <ClCompile Include="inputMenu.cpp" />
    <ClCompile Include="stdafx.cpp" />
    <ClCompile Include="sqlConnect.cpp" />
  </ItemGroup>
  <ItemGroup>
    <ClInclude Include="..\cursor.h" />
    <ClInclude Include="..\oButton.h" />
    <ClInclude Include="painterFuction.h" />
    <ClInclude Include="painter.h" />
    <ClInclude Include="buttonStrip.h" />
    <ClInclude Include="mainMenu.h" />
    <ClInclude Include="inputMenu.h" />
    <ClInclude Include="stdafx.h" />
    <ClInclude Include="targetver.h" />
    <ClInclude Include="sqlConnect.h" />
  </ItemGroup>
  <ItemGroup>
    <Image Include="..\images\machin.jpg" />
  </ItemGroup>
  <ItemGroup>
    <Font Include="..\styles\font_arial.ttf" />
  </ItemGroup>
  <ItemGroup>
    <None Include="packages.config" />
  </ItemGroup>
</Project>