<?xml version="1.0" encoding="utf-8"?>
<Project ToolsVersion="4.0" xmlns="http://schemas.microsoft.com/developer/msbuild/2003">
  <ItemGroup>
    <ClCompile Include="..\cursor.cpp" />
    <ClCompile Include="..\oButton.cpp" />
    <ClCompile Include="..\tp3.cpp" />
    <ClCompile Include="sqlConnect.cpp" />
    <ClCompile Include="forme.cpp" />
  </ItemGroup>
  <ItemGroup>
    <ClInclude Include="..\cursor.h" />
    <ClInclude Include="..\oButton.h" />
    <ClInclude Include="painterFuction.h" />
    <ClInclude Include="sqlConnect.h" />
    <ClInclude Include="forme.h" />
  </ItemGroup>
  <ItemGroup>
    <Image Include="..\images\machin.jpg" />
  </ItemGroup>
  <ItemGroup>
    <Font Include="..\styles\font_arial.ttf" />
  </ItemGroup>
  <ItemGroup>
    <None Include="packages.config" />
  </ItemGroup>
</Project>